
Microsoft Visual Studio Solution File, Format Version 12.00
# Visual Studio Version 16
VisualStudioVersion = 16.0.31911.196
MinimumVisualStudioVersion = 10.0.40219.1
Project("{FAE04EC0-301F-11D3-BF4B-00C04F79EFBC}") = "mainwindow", "mainwindow\mainwindow.csproj", "{DC374927-3FE0-48B1-96A5-2F435A49D452}"
EndProject
Global
	GlobalSection(SolutionConfigurationPlatforms) = preSolution
		Debug|Any CPU = Debug|Any CPU
		Release|Any CPU = Release|Any CPU
	EndGlobalSection
	GlobalSection(ProjectConfigurationPlatforms) = postSolution
		{DC374927-3FE0-48B1-96A5-2F435A49D452}.Debug|Any CPU.ActiveCfg = Debug|Any CPU
		{DC374927-3FE0-48B1-96A5-2F435A49D452}.Debug|Any CPU.Build.0 = Debug|Any CPU
		{DC374927-3FE0-48B1-96A5-2F435A49D452}.Release|Any CPU.ActiveCfg = Release|Any CPU
		{DC374927-3FE0-48B1-96A5-2F435A49D452}.Release|Any CPU.Build.0 = Release|Any CPU
	EndGlobalSection
	GlobalSection(SolutionProperties) = preSolution
		HideSolutionNode = FALSE
	EndGlobalSection
	GlobalSection(ExtensibilityGlobals) = postSolution
		SolutionGuid = {B6C1AA2F-5E49-44D8-B9C5-4986E87A0E38}
	EndGlobalSection
EndGlobal
